{
  "name": "xor_decrypt_shit",
  "version": "1.0.0",
  "lockfileVersion": 1,
  "requires": true,
  "dependencies": {
    "xor-crypto-js": {
      "version": "1.6.10",
      "resolved": "https://registry.npmjs.org/xor-crypto-js/-/xor-crypto-js-1.6.10.tgz",
      "integrity": "sha512-6LmIbpt9RDqlotjM54NjIw6A9fF0zNx+R1DJz+8fH3bGj/7mPwMmmJNipzG4aJdnC5Z5++0xhe6a1M2kDkIajQ=="
    }
  }
}
